
Microsoft Visual Studio Solution File, Format Version 12.00
# Visual Studio Version 17
VisualStudioVersion = 17.10.35013.160
MinimumVisualStudioVersion = 10.0.40219.1
Project("{FAE04EC0-301F-11D3-BF4B-00C04F79EFBC}") = "Practice", "Practice\Practice.csproj", "{B4864CD0-F992-47B0-9D15-8CAD268EBDE3}"
EndProject
Global
	GlobalSection(SolutionConfigurationPlatforms) = preSolution
		Debug|Any CPU = Debug|Any CPU
		Release|Any CPU = Release|Any CPU
	EndGlobalSection
	GlobalSection(ProjectConfigurationPlatforms) = postSolution
		{B4864CD0-F992-47B0-9D15-8CAD268EBDE3}.Debug|Any CPU.ActiveCfg = Debug|Any CPU
		{B4864CD0-F992-47B0-9D15-8CAD268EBDE3}.Debug|Any CPU.Build.0 = Debug|Any CPU
		{B4864CD0-F992-47B0-9D15-8CAD268EBDE3}.Release|Any CPU.ActiveCfg = Release|Any CPU
		{B4864CD0-F992-47B0-9D15-8CAD268EBDE3}.Release|Any CPU.Build.0 = Release|Any CPU
	EndGlobalSection
	GlobalSection(SolutionProperties) = preSolution
		HideSolutionNode = FALSE
	EndGlobalSection
	GlobalSection(ExtensibilityGlobals) = postSolution
		SolutionGuid = {D2BD78C4-4136-4B52-A7DD-A86A0F7E38D6}
	EndGlobalSection
EndGlobal
